
Microsoft Visual Studio Solution File, Format Version 12.00
# Visual Studio Version 16
VisualStudioVersion = 16.0.29326.143
MinimumVisualStudioVersion = 10.0.40219.1
Project("{9A19103F-16F7-4668-BE54-9A1E7A4F7556}") = "AdressBookManagement.Test", "AdressBookManagement.Test\AdressBookManagement.Test.csproj", "{D172FB82-D065-491F-90AB-DC3E0E1D1EED}"
EndProject
Project("{FAE04EC0-301F-11D3-BF4B-00C04F79EFBC}") = "AdressBookManagement", "AdressBookManagement\AdressBookManagement.csproj", "{6D45AF72-3995-49B2-9CDC-EE818D523DC5}"
EndProject
Global
	GlobalSection(SolutionConfigurationPlatforms) = preSolution
		Debug|Any CPU = Debug|Any CPU
		Release|Any CPU = Release|Any CPU
	EndGlobalSection
	GlobalSection(ProjectConfigurationPlatforms) = postSolution
		{D172FB82-D065-491F-90AB-DC3E0E1D1EED}.Debug|Any CPU.ActiveCfg = Debug|Any CPU
		{D172FB82-D065-491F-90AB-DC3E0E1D1EED}.Debug|Any CPU.Build.0 = Debug|Any CPU
		{D172FB82-D065-491F-90AB-DC3E0E1D1EED}.Release|Any CPU.ActiveCfg = Release|Any CPU
		{D172FB82-D065-491F-90AB-DC3E0E1D1EED}.Release|Any CPU.Build.0 = Release|Any CPU
		{6D45AF72-3995-49B2-9CDC-EE818D523DC5}.Debug|Any CPU.ActiveCfg = Debug|Any CPU
		{6D45AF72-3995-49B2-9CDC-EE818D523DC5}.Debug|Any CPU.Build.0 = Debug|Any CPU
		{6D45AF72-3995-49B2-9CDC-EE818D523DC5}.Release|Any CPU.ActiveCfg = Release|Any CPU
		{6D45AF72-3995-49B2-9CDC-EE818D523DC5}.Release|Any CPU.Build.0 = Release|Any CPU
	EndGlobalSection
	GlobalSection(SolutionProperties) = preSolution
		HideSolutionNode = FALSE
	EndGlobalSection
	GlobalSection(ExtensibilityGlobals) = postSolution
		SolutionGuid = {4571F26F-FF3B-44B9-9A1B-8B78CD04A303}
	EndGlobalSection
EndGlobal
